
Microsoft Visual Studio Solution File, Format Version 12.00
# Visual Studio 14
VisualStudioVersion = 14.0.25420.1
MinimumVisualStudioVersion = 10.0.40219.1
Project("{FAE04EC0-301F-11D3-BF4B-00C04F79EFBC}") = "RouteTransactionWitness", "RouteTransactionWitness\RouteTransactionWitness.csproj", "{9714A606-E82A-4237-956E-4AF4139393B1}"
EndProject
Project("{FAE04EC0-301F-11D3-BF4B-00C04F79EFBC}") = "RouteBuyer", "RouteBuyer\RouteBuyer.csproj", "{D979DA04-2E1F-435E-9311-62A6AAEB79C5}"
EndProject
Project("{FAE04EC0-301F-11D3-BF4B-00C04F79EFBC}") = "RouteSeller", "RouteSeller\RouteSeller.csproj", "{D9F16CA9-94A2-446F-BAF8-6A7E6976EE23}"
EndProject
Project("{FAE04EC0-301F-11D3-BF4B-00C04F79EFBC}") = "Common", "UdpTransceiver\Common.csproj", "{EFE117B1-520B-4A20-9D6F-A0B0CB98DB48}"
EndProject
Project("{409E77C4-F3CC-4F9C-8797-CB71EF4C8AE4}") = "RouteCoinContracts", "RouteCoinContracts\DecentralizedApp\RouteCoinContracts.solproj", "{6CAFC0C6-A428-4D30-A9F9-700E829FEA51}"
EndProject
Global
	GlobalSection(SolutionConfigurationPlatforms) = preSolution
		Debug|Any CPU = Debug|Any CPU
		Debug|x86 = Debug|x86
		Release|Any CPU = Release|Any CPU
		Release|x86 = Release|x86
	EndGlobalSection
	GlobalSection(ProjectConfigurationPlatforms) = postSolution
		{9714A606-E82A-4237-956E-4AF4139393B1}.Debug|Any CPU.ActiveCfg = Debug|Any CPU
		{9714A606-E82A-4237-956E-4AF4139393B1}.Debug|Any CPU.Build.0 = Debug|Any CPU
		{9714A606-E82A-4237-956E-4AF4139393B1}.Debug|x86.ActiveCfg = Debug|Any CPU
		{9714A606-E82A-4237-956E-4AF4139393B1}.Debug|x86.Build.0 = Debug|Any CPU
		{9714A606-E82A-4237-956E-4AF4139393B1}.Release|Any CPU.ActiveCfg = Release|Any CPU
		{9714A606-E82A-4237-956E-4AF4139393B1}.Release|Any CPU.Build.0 = Release|Any CPU
		{9714A606-E82A-4237-956E-4AF4139393B1}.Release|x86.ActiveCfg = Release|Any CPU
		{9714A606-E82A-4237-956E-4AF4139393B1}.Release|x86.Build.0 = Release|Any CPU
		{D979DA04-2E1F-435E-9311-62A6AAEB79C5}.Debug|Any CPU.ActiveCfg = Debug|Any CPU
		{D979DA04-2E1F-435E-9311-62A6AAEB79C5}.Debug|Any CPU.Build.0 = Debug|Any CPU
		{D979DA04-2E1F-435E-9311-62A6AAEB79C5}.Debug|x86.ActiveCfg = Debug|Any CPU
		{D979DA04-2E1F-435E-9311-62A6AAEB79C5}.Debug|x86.Build.0 = Debug|Any CPU
		{D979DA04-2E1F-435E-9311-62A6AAEB79C5}.Release|Any CPU.ActiveCfg = Release|Any CPU
		{D979DA04-2E1F-435E-9311-62A6AAEB79C5}.Release|Any CPU.Build.0 = Release|Any CPU
		{D979DA04-2E1F-435E-9311-62A6AAEB79C5}.Release|x86.ActiveCfg = Release|Any CPU
		{D979DA04-2E1F-435E-9311-62A6AAEB79C5}.Release|x86.Build.0 = Release|Any CPU
		{D9F16CA9-94A2-446F-BAF8-6A7E6976EE23}.Debug|Any CPU.ActiveCfg = Debug|Any CPU
		{D9F16CA9-94A2-446F-BAF8-6A7E6976EE23}.Debug|Any CPU.Build.0 = Debug|Any CPU
		{D9F16CA9-94A2-446F-BAF8-6A7E6976EE23}.Debug|x86.ActiveCfg = Debug|Any CPU
		{D9F16CA9-94A2-446F-BAF8-6A7E6976EE23}.Debug|x86.Build.0 = Debug|Any CPU
		{D9F16CA9-94A2-446F-BAF8-6A7E6976EE23}.Release|Any CPU.ActiveCfg = Release|Any CPU
		{D9F16CA9-94A2-446F-BAF8-6A7E6976EE23}.Release|Any CPU.Build.0 = Release|Any CPU
		{D9F16CA9-94A2-446F-BAF8-6A7E6976EE23}.Release|x86.ActiveCfg = Release|Any CPU
		{D9F16CA9-94A2-446F-BAF8-6A7E6976EE23}.Release|x86.Build.0 = Release|Any CPU
		{EFE117B1-520B-4A20-9D6F-A0B0CB98DB48}.Debug|Any CPU.ActiveCfg = Debug|Any CPU
		{EFE117B1-520B-4A20-9D6F-A0B0CB98DB48}.Debug|Any CPU.Build.0 = Debug|Any CPU
		{EFE117B1-520B-4A20-9D6F-A0B0CB98DB48}.Debug|x86.ActiveCfg = Debug|Any CPU
		{EFE117B1-520B-4A20-9D6F-A0B0CB98DB48}.Debug|x86.Build.0 = Debug|Any CPU
		{EFE117B1-520B-4A20-9D6F-A0B0CB98DB48}.Release|Any CPU.ActiveCfg = Release|Any CPU
		{EFE117B1-520B-4A20-9D6F-A0B0CB98DB48}.Release|Any CPU.Build.0 = Release|Any CPU
		{EFE117B1-520B-4A20-9D6F-A0B0CB98DB48}.Release|x86.ActiveCfg = Release|Any CPU
		{EFE117B1-520B-4A20-9D6F-A0B0CB98DB48}.Release|x86.Build.0 = Release|Any CPU
		{6CAFC0C6-A428-4D30-A9F9-700E829FEA51}.Debug|Any CPU.ActiveCfg = Debug|x86
		{6CAFC0C6-A428-4D30-A9F9-700E829FEA51}.Debug|x86.ActiveCfg = Debug|x86
		{6CAFC0C6-A428-4D30-A9F9-700E829FEA51}.Debug|x86.Build.0 = Debug|x86
		{6CAFC0C6-A428-4D30-A9F9-700E829FEA51}.Release|Any CPU.ActiveCfg = Release|x86
		{6CAFC0C6-A428-4D30-A9F9-700E829FEA51}.Release|x86.ActiveCfg = Release|x86
		{6CAFC0C6-A428-4D30-A9F9-700E829FEA51}.Release|x86.Build.0 = Release|x86
	EndGlobalSection
	GlobalSection(SolutionProperties) = preSolution
		HideSolutionNode = FALSE
	EndGlobalSection
EndGlobal
