
Microsoft Visual Studio Solution File, Format Version 12.00
# Visual Studio 15
VisualStudioVersion = 15.0.26228.4
MinimumVisualStudioVersion = 10.0.40219.1
Project("{409E77C4-F3CC-4F9C-8797-CB71EF4C8AE4}") = "RouteCoinContracts", "RouteCoinContracts\DecentralizedApp\RouteCoinContracts.solproj", "{6CAFC0C6-A428-4D30-A9F9-700E829FEA51}"
EndProject
Project("{FAE04EC0-301F-11D3-BF4B-00C04F79EFBC}") = "RouteCoin", "RouteCoin\RouteCoin.csproj", "{F9A5967C-6201-4574-BFCA-AC343E880959}"
EndProject
Project("{FAE04EC0-301F-11D3-BF4B-00C04F79EFBC}") = "ContractCreator", "ContractCreator\ContractCreator.csproj", "{68617150-D1CA-457C-9049-6AED3F6AC24A}"
EndProject
Project("{FAE04EC0-301F-11D3-BF4B-00C04F79EFBC}") = "DatabaseRepository", "DatabaseRepository\DatabaseRepository.csproj", "{0F1FF864-DC9B-456F-B8FF-AB4FE4BC93CC}"
EndProject
Project("{FAE04EC0-301F-11D3-BF4B-00C04F79EFBC}") = "ServiceBusRepository", "ServiceBusRepository\ServiceBusRepository.csproj", "{7B08A382-9054-4091-8C33-E297CCFC0944}"
EndProject
Project("{FAE04EC0-301F-11D3-BF4B-00C04F79EFBC}") = "EthereumRepository", "EthereumRepository\EthereumRepository.csproj", "{0AB84C5F-C253-4050-B1DC-E3B33E1CC716}"
EndProject
Project("{FAE04EC0-301F-11D3-BF4B-00C04F79EFBC}") = "ContractViewer", "ContractViewer\ContractViewer.csproj", "{DC4C9FE3-61E2-47B7-882B-1F4995C3E694}"
EndProject
Project("{FAE04EC0-301F-11D3-BF4B-00C04F79EFBC}") = "SimulationTests", "SimulationTests\SimulationTests.csproj", "{E4C76A63-8764-4F7E-A6B8-09D66E3A56F7}"
EndProject
Project("{FAE04EC0-301F-11D3-BF4B-00C04F79EFBC}") = "RouteCoinCharts", "RouteCoinCharts\RouteCoinCharts.csproj", "{288CBE98-B823-487E-933D-ADCA612EC50D}"
EndProject
Global
	GlobalSection(SolutionConfigurationPlatforms) = preSolution
		Debug|Any CPU = Debug|Any CPU
		Debug|x86 = Debug|x86
		Release|Any CPU = Release|Any CPU
		Release|x86 = Release|x86
	EndGlobalSection
	GlobalSection(ProjectConfigurationPlatforms) = postSolution
		{6CAFC0C6-A428-4D30-A9F9-700E829FEA51}.Debug|Any CPU.ActiveCfg = Debug|x86
		{6CAFC0C6-A428-4D30-A9F9-700E829FEA51}.Debug|x86.ActiveCfg = Debug|x86
		{6CAFC0C6-A428-4D30-A9F9-700E829FEA51}.Debug|x86.Build.0 = Debug|x86
		{6CAFC0C6-A428-4D30-A9F9-700E829FEA51}.Release|Any CPU.ActiveCfg = Release|x86
		{6CAFC0C6-A428-4D30-A9F9-700E829FEA51}.Release|x86.ActiveCfg = Release|x86
		{6CAFC0C6-A428-4D30-A9F9-700E829FEA51}.Release|x86.Build.0 = Release|x86
		{F9A5967C-6201-4574-BFCA-AC343E880959}.Debug|Any CPU.ActiveCfg = Debug|Any CPU
		{F9A5967C-6201-4574-BFCA-AC343E880959}.Debug|Any CPU.Build.0 = Debug|Any CPU
		{F9A5967C-6201-4574-BFCA-AC343E880959}.Debug|x86.ActiveCfg = Debug|Any CPU
		{F9A5967C-6201-4574-BFCA-AC343E880959}.Debug|x86.Build.0 = Debug|Any CPU
		{F9A5967C-6201-4574-BFCA-AC343E880959}.Release|Any CPU.ActiveCfg = Release|Any CPU
		{F9A5967C-6201-4574-BFCA-AC343E880959}.Release|Any CPU.Build.0 = Release|Any CPU
		{F9A5967C-6201-4574-BFCA-AC343E880959}.Release|x86.ActiveCfg = Release|Any CPU
		{F9A5967C-6201-4574-BFCA-AC343E880959}.Release|x86.Build.0 = Release|Any CPU
		{68617150-D1CA-457C-9049-6AED3F6AC24A}.Debug|Any CPU.ActiveCfg = Debug|Any CPU
		{68617150-D1CA-457C-9049-6AED3F6AC24A}.Debug|Any CPU.Build.0 = Debug|Any CPU
		{68617150-D1CA-457C-9049-6AED3F6AC24A}.Debug|x86.ActiveCfg = Debug|Any CPU
		{68617150-D1CA-457C-9049-6AED3F6AC24A}.Debug|x86.Build.0 = Debug|Any CPU
		{68617150-D1CA-457C-9049-6AED3F6AC24A}.Release|Any CPU.ActiveCfg = Release|Any CPU
		{68617150-D1CA-457C-9049-6AED3F6AC24A}.Release|Any CPU.Build.0 = Release|Any CPU
		{68617150-D1CA-457C-9049-6AED3F6AC24A}.Release|x86.ActiveCfg = Release|Any CPU
		{68617150-D1CA-457C-9049-6AED3F6AC24A}.Release|x86.Build.0 = Release|Any CPU
		{0F1FF864-DC9B-456F-B8FF-AB4FE4BC93CC}.Debug|Any CPU.ActiveCfg = Debug|Any CPU
		{0F1FF864-DC9B-456F-B8FF-AB4FE4BC93CC}.Debug|Any CPU.Build.0 = Debug|Any CPU
		{0F1FF864-DC9B-456F-B8FF-AB4FE4BC93CC}.Debug|x86.ActiveCfg = Debug|Any CPU
		{0F1FF864-DC9B-456F-B8FF-AB4FE4BC93CC}.Debug|x86.Build.0 = Debug|Any CPU
		{0F1FF864-DC9B-456F-B8FF-AB4FE4BC93CC}.Release|Any CPU.ActiveCfg = Release|Any CPU
		{0F1FF864-DC9B-456F-B8FF-AB4FE4BC93CC}.Release|Any CPU.Build.0 = Release|Any CPU
		{0F1FF864-DC9B-456F-B8FF-AB4FE4BC93CC}.Release|x86.ActiveCfg = Release|Any CPU
		{0F1FF864-DC9B-456F-B8FF-AB4FE4BC93CC}.Release|x86.Build.0 = Release|Any CPU
		{7B08A382-9054-4091-8C33-E297CCFC0944}.Debug|Any CPU.ActiveCfg = Debug|Any CPU
		{7B08A382-9054-4091-8C33-E297CCFC0944}.Debug|Any CPU.Build.0 = Debug|Any CPU
		{7B08A382-9054-4091-8C33-E297CCFC0944}.Debug|x86.ActiveCfg = Debug|Any CPU
		{7B08A382-9054-4091-8C33-E297CCFC0944}.Debug|x86.Build.0 = Debug|Any CPU
		{7B08A382-9054-4091-8C33-E297CCFC0944}.Release|Any CPU.ActiveCfg = Release|Any CPU
		{7B08A382-9054-4091-8C33-E297CCFC0944}.Release|Any CPU.Build.0 = Release|Any CPU
		{7B08A382-9054-4091-8C33-E297CCFC0944}.Release|x86.ActiveCfg = Release|Any CPU
		{7B08A382-9054-4091-8C33-E297CCFC0944}.Release|x86.Build.0 = Release|Any CPU
		{0AB84C5F-C253-4050-B1DC-E3B33E1CC716}.Debug|Any CPU.ActiveCfg = Debug|Any CPU
		{0AB84C5F-C253-4050-B1DC-E3B33E1CC716}.Debug|Any CPU.Build.0 = Debug|Any CPU
		{0AB84C5F-C253-4050-B1DC-E3B33E1CC716}.Debug|x86.ActiveCfg = Debug|Any CPU
		{0AB84C5F-C253-4050-B1DC-E3B33E1CC716}.Debug|x86.Build.0 = Debug|Any CPU
		{0AB84C5F-C253-4050-B1DC-E3B33E1CC716}.Release|Any CPU.ActiveCfg = Release|Any CPU
		{0AB84C5F-C253-4050-B1DC-E3B33E1CC716}.Release|Any CPU.Build.0 = Release|Any CPU
		{0AB84C5F-C253-4050-B1DC-E3B33E1CC716}.Release|x86.ActiveCfg = Release|Any CPU
		{0AB84C5F-C253-4050-B1DC-E3B33E1CC716}.Release|x86.Build.0 = Release|Any CPU
		{DC4C9FE3-61E2-47B7-882B-1F4995C3E694}.Debug|Any CPU.ActiveCfg = Debug|Any CPU
		{DC4C9FE3-61E2-47B7-882B-1F4995C3E694}.Debug|Any CPU.Build.0 = Debug|Any CPU
		{DC4C9FE3-61E2-47B7-882B-1F4995C3E694}.Debug|x86.ActiveCfg = Debug|Any CPU
		{DC4C9FE3-61E2-47B7-882B-1F4995C3E694}.Debug|x86.Build.0 = Debug|Any CPU
		{DC4C9FE3-61E2-47B7-882B-1F4995C3E694}.Release|Any CPU.ActiveCfg = Release|Any CPU
		{DC4C9FE3-61E2-47B7-882B-1F4995C3E694}.Release|Any CPU.Build.0 = Release|Any CPU
		{DC4C9FE3-61E2-47B7-882B-1F4995C3E694}.Release|x86.ActiveCfg = Release|Any CPU
		{DC4C9FE3-61E2-47B7-882B-1F4995C3E694}.Release|x86.Build.0 = Release|Any CPU
		{E4C76A63-8764-4F7E-A6B8-09D66E3A56F7}.Debug|Any CPU.ActiveCfg = Debug|Any CPU
		{E4C76A63-8764-4F7E-A6B8-09D66E3A56F7}.Debug|Any CPU.Build.0 = Debug|Any CPU
		{E4C76A63-8764-4F7E-A6B8-09D66E3A56F7}.Debug|x86.ActiveCfg = Debug|Any CPU
		{E4C76A63-8764-4F7E-A6B8-09D66E3A56F7}.Debug|x86.Build.0 = Debug|Any CPU
		{E4C76A63-8764-4F7E-A6B8-09D66E3A56F7}.Release|Any CPU.ActiveCfg = Release|Any CPU
		{E4C76A63-8764-4F7E-A6B8-09D66E3A56F7}.Release|Any CPU.Build.0 = Release|Any CPU
		{E4C76A63-8764-4F7E-A6B8-09D66E3A56F7}.Release|x86.ActiveCfg = Release|Any CPU
		{E4C76A63-8764-4F7E-A6B8-09D66E3A56F7}.Release|x86.Build.0 = Release|Any CPU
		{288CBE98-B823-487E-933D-ADCA612EC50D}.Debug|Any CPU.ActiveCfg = Debug|Any CPU
		{288CBE98-B823-487E-933D-ADCA612EC50D}.Debug|Any CPU.Build.0 = Debug|Any CPU
		{288CBE98-B823-487E-933D-ADCA612EC50D}.Debug|x86.ActiveCfg = Debug|Any CPU
		{288CBE98-B823-487E-933D-ADCA612EC50D}.Debug|x86.Build.0 = Debug|Any CPU
		{288CBE98-B823-487E-933D-ADCA612EC50D}.Release|Any CPU.ActiveCfg = Release|Any CPU
		{288CBE98-B823-487E-933D-ADCA612EC50D}.Release|Any CPU.Build.0 = Release|Any CPU
		{288CBE98-B823-487E-933D-ADCA612EC50D}.Release|x86.ActiveCfg = Release|Any CPU
		{288CBE98-B823-487E-933D-ADCA612EC50D}.Release|x86.Build.0 = Release|Any CPU
	EndGlobalSection
	GlobalSection(SolutionProperties) = preSolution
		HideSolutionNode = FALSE
	EndGlobalSection
EndGlobal
